// !$*UTF8*$!
{
	archiveVersion = 1;
	classes = {
	};
	objectVersion = 46;
	objects = {

/* Begin PBXBuildFile section */
		C46BB6BD1C17DC7900F88300 /* main.m in Sources */ = {isa = PBXBuildFile; fileRef = C46BB6BC1C17DC7900F88300 /* main.m */; };
		D42DEC6522793AFF009E5A31 /* NSArray+MapFilterReduce.m in Sources */ = {isa = PBXBuildFile; fileRef = D42DEC6422793AFF009E5A31 /* NSArray+MapFilterReduce.m */; };
/* End PBXBuildFile section */

/* Begin PBXCopyFilesBuildPhase section */
		C46BB6B71C17DC7900F88300 /* CopyFiles */ = {
			isa = PBXCopyFilesBuildPhase;
			buildActionMask = 2147483647;
			dstPath = /usr/share/man/man1/;
			dstSubfolderSpec = 0;
			files = (
			);
			runOnlyForDeploymentPostprocessing = 1;
		};
/* End PBXCopyFilesBuildPhase section */

/* Begin PBXFileReference section */
		C46BB6B91C17DC7900F88300 /* MapFilterReduce */ = {isa = PBXFileReference; explicitFileType = "compiled.mach-o.executable"; includeInIndex = 0; path = MapFilterReduce; sourceTree = BUILT_PRODUCTS_DIR; };
		C46BB6BC1C17DC7900F88300 /* main.m */ = {isa = PBXFileReference; lastKnownFileType = sourcecode.c.objc; path = main.m; sourceTree = "<group>"; };
		D42DEC6322793AFF009E5A31 /* NSArray+MapFilterReduce.h */ = {isa = PBXFileReference; lastKnownFileType = sourcecode.c.h; path = "NSArray+MapFilterReduce.h"; sourceTree = "<group>"; };
		D42DEC6422793AFF009E5A31 /* NSArray+MapFilterReduce.m */ = {isa = PBXFileReference; lastKnownFileType = sourcecode.c.objc; path = "NSArray+MapFilterReduce.m"; sourceTree = "<group>"; };
/* End PBXFileReference section */

/* Begin PBXFrameworksBuildPhase section */
		C46BB6B61C17DC7900F88300 /* Frameworks */ = {
			isa = PBXFrameworksBuildPhase;
			buildActionMask = 2147483647;
			files = (
			);
			runOnlyForDeploymentPostprocessing = 0;
		};
/* End PBXFrameworksBuildPhase section */

/* Begin PBXGroup section */
		C46BB6B01C17DC7900F88300 = {
			isa = PBXGroup;
			children = (
				C46BB6BB1C17DC7900F88300 /* MapFilterReduce */,
				C46BB6BA1C17DC7900F88300 /* Products */,
			);
			sourceTree = "<group>";
		};
		C46BB6BA1C17DC7900F88300 /* Products */ = {
			isa = PBXGroup;
			children = (
				C46BB6B91C17DC7900F88300 /* MapFilterReduce */,
			);
			name = Products;
			sourceTree = "<group>";
		};
		C46BB6BB1C17DC7900F88300 /* MapFilterReduce */ = {
			isa = PBXGroup;
			children = (
				C46BB6BC1C17DC7900F88300 /* main.m */,
				D42DEC6322793AFF009E5A31 /* NSArray+MapFilterReduce.h */,
				D42DEC6422793AFF009E5A31 /* NSArray+MapFilterReduce.m */,
			);
			path = MapFilterReduce;
			sourceTree = "<group>";
		};
/* End PBXGroup section */

/* Begin PBXNativeTarget section */
		C46BB6B81C17DC7900F88300 /* MapFilterReduce */ = {
			isa = PBXNativeTarget;
			buildConfigurationList = C46BB6C01C17DC7900F88300 /* Build configuration list for PBXNativeTarget "MapFilterReduce" */;
			buildPhases = (
				C46BB6B51C17DC7900F88300 /* Sources */,
				C46BB6B61C17DC7900F88300 /* Frameworks */,
				C46BB6B71C17DC7900F88300 /* CopyFiles */,
			);
			buildRules = (
			);
			dependencies = (
			);
			name = MapFilterReduce;
			productName = MapFilterReduce;
			productReference = C46BB6B91C17DC7900F88300 /* MapFilterReduce */;
			productType = "com.apple.product-type.tool";
		};
/* End PBXNativeTarget section */

/* Begin PBXProject section */
		C46BB6B11C17DC7900F88300 /* Project object */ = {
			isa = PBXProject;
			attributes = {
				LastUpgradeCheck = 1020;
				ORGANIZATIONNAME = "xiang_jj  千锋";
				TargetAttributes = {
					C46BB6B81C17DC7900F88300 = {
						CreatedOnToolsVersion = 6.4;
					};
				};
			};
			buildConfigurationList = C46BB6B41C17DC7900F88300 /* Build configuration list for PBXProject "MapFilterReduce" */;
			compatibilityVersion = "Xcode 3.2";
			developmentRegion = en;
			hasScannedForEncodings = 0;
			knownRegions = (
				en,
				Base,
			);
			mainGroup = C46BB6B01C17DC7900F88300;
			productRefGroup = C46BB6BA1C17DC7900F88300 /* Products */;
			projectDirPath = "";
			projectRoot = "";
			targets = (
				C46BB6B81C17DC7900F88300 /* MapFilterReduce */,
			);
		};
/* End PBXProject section */

/* Begin PBXSourcesBuildPhase section */
		C46BB6B51C17DC7900F88300 /* Sources */ = {
			isa = PBXSourcesBuildPhase;
			buildActionMask = 2147483647;
			files = (
				D42DEC6522793AFF009E5A31 /* NSArray+MapFilterReduce.m in Sources */,
				C46BB6BD1C17DC7900F88300 /* main.m in Sources */,
			);
			runOnlyForDeploymentPostprocessing = 0;
		};
/* End PBXSourcesBuildPhase section */

/* Begin XCBuildConfiguration section */
		C46BB6BE1C17DC7900F88300 /* Debug */ = {
			isa = XCBuildConfiguration;
			buildSettings = {
				ALWAYS_SEARCH_USER_PATHS = NO;
				CLANG_ANALYZER_LOCALIZABILITY_NONLOCALIZED = YES;
				CLANG_CXX_LANGUAGE_STANDARD = "gnu++0x";
				CLANG_CXX_LIBRARY = "libc++";
				CLANG_ENABLE_MODULES = YES;
				CLANG_ENABLE_OBJC_ARC = YES;
				CLANG_WARN_BLOCK_CAPTURE_AUTORELEASING = YES;
				CLANG_WARN_BOOL_CONVERSION = YES;
				CLANG_WARN_COMMA = YES;
				CLANG_WARN_CONSTANT_CONVERSION = YES;
				CLANG_WARN_DEPRECATED_OBJC_IMPLEMENTATIONS = YES;
				CLANG_WARN_DIRECT_OBJC_ISA_USAGE = YES_ERROR;
				CLANG_WARN_EMPTY_BODY = YES;
				CLANG_WARN_ENUM_CONVERSION = YES;
				CLANG_WARN_INFINITE_RECURSION = YES;
				CLANG_WARN_INT_CONVERSION = YES;
				CLANG_WARN_NON_LITERAL_NULL_CONVERSION = YES;
				CLANG_WARN_OBJC_IMPLICIT_RETAIN_SELF = YES;
				CLANG_WARN_OBJC_LITERAL_CONVERSION = YES;
				CLANG_WARN_OBJC_ROOT_CLASS = YES_ERROR;
				CLANG_WARN_RANGE_LOOP_ANALYSIS = YES;
				CLANG_WARN_STRICT_PROTOTYPES = YES;
				CLANG_WARN_SUSPICIOUS_MOVE = YES;
				CLANG_WARN_UNREACHABLE_CODE = YES;
				CLANG_WARN__DUPLICATE_METHOD_MATCH = YES;
				COPY_PHASE_STRIP = NO;
				DEBUG_INFORMATION_FORMAT = dwarf;
				ENABLE_STRICT_OBJC_MSGSEND = YES;
				ENABLE_TESTABILITY = YES;
				GCC_C_LANGUAGE_STANDARD = gnu99;
				GCC_DYNAMIC_NO_PIC = NO;
				GCC_NO_COMMON_BLOCKS = YES;
				GCC_OPTIMIZATION_LEVEL = 0;
				GCC_PREPROCESSOR_DEFINITIONS = (
					"DEBUG=1",
					"$(inherited)",
				);
				GCC_SYMBOLS_PRIVATE_EXTERN = NO;
				GCC_WARN_64_TO_32_BIT_CONVERSION = YES;
				GCC_WARN_ABOUT_RETURN_TYPE = YES_ERROR;
				GCC_WARN_UNDECLARED_SELECTOR = YES;
				GCC_WARN_UNINITIALIZED_AUTOS = YES_AGGRESSIVE;
				GCC_WARN_UNUSED_FUNCTION = YES;
				GCC_WARN_UNUSED_VARIABLE = YES;
				MACOSX_DEPLOYMENT_TARGET = 10.10;
				MTL_ENABLE_DEBUG_INFO = YES;
				ONLY_ACTIVE_ARCH = YES;
				SDKROOT = macosx;
			};
			name = Debug;
		};
		C46BB6BF1C17DC7900F88300 /* Release */ = {
			isa = XCBuildConfiguration;
			buildSettings = {
				ALWAYS_SEARCH_USER_PATHS = NO;
				CLANG_ANALYZER_LOCALIZABILITY_NONLOCALIZED = YES;
				CLANG_CXX_LANGUAGE_STANDARD = "gnu++0x";
				CLANG_CXX_LIBRARY = "libc++";
				CLANG_ENABLE_MODULES = YES;
				CLANG_ENABLE_OBJC_ARC = YES;
				CLANG_WARN_BLOCK_CAPTURE_AUTORELEASING = YES;
				CLANG_WARN_BOOL_CONVERSION = YES;
				CLANG_WARN_COMMA = YES;
				CLANG_WARN_CONSTANT_CONVERSION = YES;
				CLANG_WARN_DEPRECATED_OBJC_IMPLEMENTATIONS = YES;
				CLANG_WARN_DIRECT_OBJC_ISA_USAGE = YES_ERROR;
				CLANG_WARN_EMPTY_BODY = YES;
				CLANG_WARN_ENUM_CONVERSION = YES;
				CLANG_WARN_INFINITE_RECURSION = YES;
				CLANG_WARN_INT_CONVERSION = YES;
				CLANG_WARN_NON_LITERAL_NULL_CONVERSION = YES;
				CLANG_WARN_OBJC_IMPLICIT_RETAIN_SELF = YES;
				CLANG_WARN_OBJC_LITERAL_CONVERSION = YES;
				CLANG_WARN_OBJC_ROOT_CLASS = YES_ERROR;
				CLANG_WARN_RANGE_LOOP_ANALYSIS = YES;
				CLANG_WARN_STRICT_PROTOTYPES = YES;
				CLANG_WARN_SUSPICIOUS_MOVE = YES;
				CLANG_WARN_UNREACHABLE_CODE = YES;
				CLANG_WARN__DUPLICATE_METHOD_MATCH = YES;
				COPY_PHASE_STRIP = NO;
				DEBUG_INFORMATION_FORMAT = "dwarf-with-dsym";
				ENABLE_NS_ASSERTIONS = NO;
				ENABLE_STRICT_OBJC_MSGSEND = YES;
				GCC_C_LANGUAGE_STANDARD = gnu99;
				GCC_NO_COMMON_BLOCKS = YES;
				GCC_WARN_64_TO_32_BIT_CONVERSION = YES;
				GCC_WARN_ABOUT_RETURN_TYPE = YES_ERROR;
				GCC_WARN_UNDECLARED_SELECTOR = YES;
				GCC_WARN_UNINITIALIZED_AUTOS = YES_AGGRESSIVE;
				GCC_WARN_UNUSED_FUNCTION = YES;
				GCC_WARN_UNUSED_VARIABLE = YES;
				MACOSX_DEPLOYMENT_TARGET = 10.10;
				MTL_ENABLE_DEBUG_INFO = NO;
				SDKROOT = macosx;
			};
			name = Release;
		};
		C46BB6C11C17DC7900F88300 /* Debug */ = {
			isa = XCBuildConfiguration;
			buildSettings = {
				PRODUCT_NAME = "$(TARGET_NAME)";
			};
			name = Debug;
		};
		C46BB6C21C17DC7900F88300 /* Release */ = {
			isa = XCBuildConfiguration;
			buildSettings = {
				PRODUCT_NAME = "$(TARGET_NAME)";
			};
			name = Release;
		};
/* End XCBuildConfiguration section */

/* Begin XCConfigurationList section */
		C46BB6B41C17DC7900F88300 /* Build configuration list for PBXProject "MapFilterReduce" */ = {
			isa = XCConfigurationList;
			buildConfigurations = (
				C46BB6BE1C17DC7900F88300 /* Debug */,
				C46BB6BF1C17DC7900F88300 /* Release */,
			);
			defaultConfigurationIsVisible = 0;
			defaultConfigurationName = Release;
		};
		C46BB6C01C17DC7900F88300 /* Build configuration list for PBXNativeTarget "MapFilterReduce" */ = {
			isa = XCConfigurationList;
			buildConfigurations = (
				C46BB6C11C17DC7900F88300 /* Debug */,
				C46BB6C21C17DC7900F88300 /* Release */,
			);
			defaultConfigurationIsVisible = 0;
			defaultConfigurationName = Release;
		};
/* End XCConfigurationList section */
	};
	rootObject = C46BB6B11C17DC7900F88300 /* Project object */;
}
